
Microsoft Visual Studio Solution File, Format Version 11.00
# Visual Studio 2010
Project("{FAE04EC0-301F-11D3-BF4B-00C04F79EFBC}") = "LAP.TUUA.AccesoMolinete", "..\AccesoMolinete\LAP.TUUA.AccesoMolinete.csproj", "{129B35EC-C893-47DA-8F90-F686DE56F60A}"
EndProject
Project("{FAE04EC0-301F-11D3-BF4B-00C04F79EFBC}") = "LAP.TUUA.CONVERSOR", "..\CONVERSOR\LAP.TUUA.CONVERSOR.csproj", "{7DD1F7EF-9858-44D0-8C5C-9E971805328D}"
EndProject
Project("{FAE04EC0-301F-11D3-BF4B-00C04F79EFBC}") = "LAP.TUUA.DAO", "..\DATAACCESS\LAP.TUUA.DAO.csproj", "{90842E9D-9217-42D5-A693-E0759F06FAEC}"
EndProject
Project("{FAE04EC0-301F-11D3-BF4B-00C04F79EFBC}") = "LAP.TUUA.ENTIDADES", "..\ENTIDADES\LAP.TUUA.ENTIDADES.csproj", "{113FFE71-C275-4A6A-BD2B-70E76F0AC4A8}"
EndProject
Project("{FAE04EC0-301F-11D3-BF4B-00C04F79EFBC}") = "swd_TuuaAccesos", "swd_TuuaAccesos.csproj", "{8BFDFCF4-C3ED-41D7-8D79-F42BC9688E0B}"
EndProject
Project("{FAE04EC0-301F-11D3-BF4B-00C04F79EFBC}") = "LAP.TUUA.UTIL", "..\UTIL\LAP.TUUA.UTIL.csproj", "{92A7A1C8-96F5-4992-A363-C6FC4C60E85E}"
EndProject
Project("{54435603-DBB4-11D2-8724-00A0C9A8B90C}") = "App_Acceso", "..\App_Acceso\App_Acceso.vdproj", "{016C4909-4CE3-4E6C-9FB9-31A174D5DD02}"
EndProject
Global
	GlobalSection(SolutionConfigurationPlatforms) = preSolution
		Debug|Any CPU = Debug|Any CPU
		Debug|Mixed Platforms = Debug|Mixed Platforms
		Debug|x86 = Debug|x86
		Release|Any CPU = Release|Any CPU
		Release|Mixed Platforms = Release|Mixed Platforms
		Release|x86 = Release|x86
	EndGlobalSection
	GlobalSection(ProjectConfigurationPlatforms) = postSolution
		{129B35EC-C893-47DA-8F90-F686DE56F60A}.Debug|Any CPU.ActiveCfg = Debug|Any CPU
		{129B35EC-C893-47DA-8F90-F686DE56F60A}.Debug|Any CPU.Build.0 = Debug|Any CPU
		{129B35EC-C893-47DA-8F90-F686DE56F60A}.Debug|Mixed Platforms.ActiveCfg = Debug|Any CPU
		{129B35EC-C893-47DA-8F90-F686DE56F60A}.Debug|Mixed Platforms.Build.0 = Debug|Any CPU
		{129B35EC-C893-47DA-8F90-F686DE56F60A}.Debug|x86.ActiveCfg = Debug|Any CPU
		{129B35EC-C893-47DA-8F90-F686DE56F60A}.Release|Any CPU.ActiveCfg = Release|Any CPU
		{129B35EC-C893-47DA-8F90-F686DE56F60A}.Release|Any CPU.Build.0 = Release|Any CPU
		{129B35EC-C893-47DA-8F90-F686DE56F60A}.Release|Mixed Platforms.ActiveCfg = Release|Any CPU
		{129B35EC-C893-47DA-8F90-F686DE56F60A}.Release|Mixed Platforms.Build.0 = Release|Any CPU
		{129B35EC-C893-47DA-8F90-F686DE56F60A}.Release|x86.ActiveCfg = Release|Any CPU
		{7DD1F7EF-9858-44D0-8C5C-9E971805328D}.Debug|Any CPU.ActiveCfg = Debug|Any CPU
		{7DD1F7EF-9858-44D0-8C5C-9E971805328D}.Debug|Any CPU.Build.0 = Debug|Any CPU
		{7DD1F7EF-9858-44D0-8C5C-9E971805328D}.Debug|Mixed Platforms.ActiveCfg = Debug|Any CPU
		{7DD1F7EF-9858-44D0-8C5C-9E971805328D}.Debug|Mixed Platforms.Build.0 = Debug|Any CPU
		{7DD1F7EF-9858-44D0-8C5C-9E971805328D}.Debug|x86.ActiveCfg = Debug|Any CPU
		{7DD1F7EF-9858-44D0-8C5C-9E971805328D}.Release|Any CPU.ActiveCfg = Release|Any CPU
		{7DD1F7EF-9858-44D0-8C5C-9E971805328D}.Release|Any CPU.Build.0 = Release|Any CPU
		{7DD1F7EF-9858-44D0-8C5C-9E971805328D}.Release|Mixed Platforms.ActiveCfg = Release|Any CPU
		{7DD1F7EF-9858-44D0-8C5C-9E971805328D}.Release|Mixed Platforms.Build.0 = Release|Any CPU
		{7DD1F7EF-9858-44D0-8C5C-9E971805328D}.Release|x86.ActiveCfg = Release|Any CPU
		{90842E9D-9217-42D5-A693-E0759F06FAEC}.Debug|Any CPU.ActiveCfg = Debug|Any CPU
		{90842E9D-9217-42D5-A693-E0759F06FAEC}.Debug|Any CPU.Build.0 = Debug|Any CPU
		{90842E9D-9217-42D5-A693-E0759F06FAEC}.Debug|Mixed Platforms.ActiveCfg = Debug|Any CPU
		{90842E9D-9217-42D5-A693-E0759F06FAEC}.Debug|Mixed Platforms.Build.0 = Debug|Any CPU
		{90842E9D-9217-42D5-A693-E0759F06FAEC}.Debug|x86.ActiveCfg = Debug|Any CPU
		{90842E9D-9217-42D5-A693-E0759F06FAEC}.Release|Any CPU.ActiveCfg = Release|Any CPU
		{90842E9D-9217-42D5-A693-E0759F06FAEC}.Release|Any CPU.Build.0 = Release|Any CPU
		{90842E9D-9217-42D5-A693-E0759F06FAEC}.Release|Mixed Platforms.ActiveCfg = Release|Any CPU
		{90842E9D-9217-42D5-A693-E0759F06FAEC}.Release|Mixed Platforms.Build.0 = Release|Any CPU
		{90842E9D-9217-42D5-A693-E0759F06FAEC}.Release|x86.ActiveCfg = Release|Any CPU
		{113FFE71-C275-4A6A-BD2B-70E76F0AC4A8}.Debug|Any CPU.ActiveCfg = Debug|Any CPU
		{113FFE71-C275-4A6A-BD2B-70E76F0AC4A8}.Debug|Any CPU.Build.0 = Debug|Any CPU
		{113FFE71-C275-4A6A-BD2B-70E76F0AC4A8}.Debug|Mixed Platforms.ActiveCfg = Debug|Any CPU
		{113FFE71-C275-4A6A-BD2B-70E76F0AC4A8}.Debug|Mixed Platforms.Build.0 = Debug|Any CPU
		{113FFE71-C275-4A6A-BD2B-70E76F0AC4A8}.Debug|x86.ActiveCfg = Debug|Any CPU
		{113FFE71-C275-4A6A-BD2B-70E76F0AC4A8}.Release|Any CPU.ActiveCfg = Release|Any CPU
		{113FFE71-C275-4A6A-BD2B-70E76F0AC4A8}.Release|Any CPU.Build.0 = Release|Any CPU
		{113FFE71-C275-4A6A-BD2B-70E76F0AC4A8}.Release|Mixed Platforms.ActiveCfg = Release|Any CPU
		{113FFE71-C275-4A6A-BD2B-70E76F0AC4A8}.Release|Mixed Platforms.Build.0 = Release|Any CPU
		{113FFE71-C275-4A6A-BD2B-70E76F0AC4A8}.Release|x86.ActiveCfg = Release|Any CPU
		{8BFDFCF4-C3ED-41D7-8D79-F42BC9688E0B}.Debug|Any CPU.ActiveCfg = Debug|Any CPU
		{8BFDFCF4-C3ED-41D7-8D79-F42BC9688E0B}.Debug|Any CPU.Build.0 = Debug|Any CPU
		{8BFDFCF4-C3ED-41D7-8D79-F42BC9688E0B}.Debug|Mixed Platforms.ActiveCfg = Debug|Any CPU
		{8BFDFCF4-C3ED-41D7-8D79-F42BC9688E0B}.Debug|Mixed Platforms.Build.0 = Debug|Any CPU
		{8BFDFCF4-C3ED-41D7-8D79-F42BC9688E0B}.Debug|x86.ActiveCfg = Debug|Any CPU
		{8BFDFCF4-C3ED-41D7-8D79-F42BC9688E0B}.Release|Any CPU.ActiveCfg = Release|Any CPU
		{8BFDFCF4-C3ED-41D7-8D79-F42BC9688E0B}.Release|Any CPU.Build.0 = Release|Any CPU
		{8BFDFCF4-C3ED-41D7-8D79-F42BC9688E0B}.Release|Mixed Platforms.ActiveCfg = Release|Any CPU
		{8BFDFCF4-C3ED-41D7-8D79-F42BC9688E0B}.Release|Mixed Platforms.Build.0 = Release|Any CPU
		{8BFDFCF4-C3ED-41D7-8D79-F42BC9688E0B}.Release|x86.ActiveCfg = Release|Any CPU
		{92A7A1C8-96F5-4992-A363-C6FC4C60E85E}.Debug|Any CPU.ActiveCfg = Debug|Any CPU
		{92A7A1C8-96F5-4992-A363-C6FC4C60E85E}.Debug|Any CPU.Build.0 = Debug|Any CPU
		{92A7A1C8-96F5-4992-A363-C6FC4C60E85E}.Debug|Mixed Platforms.ActiveCfg = Debug|Any CPU
		{92A7A1C8-96F5-4992-A363-C6FC4C60E85E}.Debug|Mixed Platforms.Build.0 = Debug|Any CPU
		{92A7A1C8-96F5-4992-A363-C6FC4C60E85E}.Debug|x86.ActiveCfg = Debug|Any CPU
		{92A7A1C8-96F5-4992-A363-C6FC4C60E85E}.Release|Any CPU.ActiveCfg = Release|Any CPU
		{92A7A1C8-96F5-4992-A363-C6FC4C60E85E}.Release|Any CPU.Build.0 = Release|Any CPU
		{92A7A1C8-96F5-4992-A363-C6FC4C60E85E}.Release|Mixed Platforms.ActiveCfg = Release|Any CPU
		{92A7A1C8-96F5-4992-A363-C6FC4C60E85E}.Release|Mixed Platforms.Build.0 = Release|Any CPU
		{92A7A1C8-96F5-4992-A363-C6FC4C60E85E}.Release|x86.ActiveCfg = Release|Any CPU
		{016C4909-4CE3-4E6C-9FB9-31A174D5DD02}.Debug|Any CPU.ActiveCfg = Debug
		{016C4909-4CE3-4E6C-9FB9-31A174D5DD02}.Debug|Mixed Platforms.ActiveCfg = Debug
		{016C4909-4CE3-4E6C-9FB9-31A174D5DD02}.Debug|Mixed Platforms.Build.0 = Debug
		{016C4909-4CE3-4E6C-9FB9-31A174D5DD02}.Debug|x86.ActiveCfg = Debug
		{016C4909-4CE3-4E6C-9FB9-31A174D5DD02}.Debug|x86.Build.0 = Debug
		{016C4909-4CE3-4E6C-9FB9-31A174D5DD02}.Release|Any CPU.ActiveCfg = Release
		{016C4909-4CE3-4E6C-9FB9-31A174D5DD02}.Release|Mixed Platforms.ActiveCfg = Release
		{016C4909-4CE3-4E6C-9FB9-31A174D5DD02}.Release|Mixed Platforms.Build.0 = Release
		{016C4909-4CE3-4E6C-9FB9-31A174D5DD02}.Release|x86.ActiveCfg = Release
		{016C4909-4CE3-4E6C-9FB9-31A174D5DD02}.Release|x86.Build.0 = Release
	EndGlobalSection
	GlobalSection(SolutionProperties) = preSolution
		HideSolutionNode = FALSE
	EndGlobalSection
EndGlobal
