
Microsoft Visual Studio Solution File, Format Version 12.00
# Visual Studio 15
VisualStudioVersion = 15.0.28307.168
MinimumVisualStudioVersion = 10.0.40219.1
Project("{FAE04EC0-301F-11D3-BF4B-00C04F79EFBC}") = "tuua_api", "tuua_api\tuua_api.csproj", "{4838E94F-EB4F-4F3F-B1A7-EE1186D9B4FB}"
EndProject
Project("{FAE04EC0-301F-11D3-BF4B-00C04F79EFBC}") = "tuua_bl", "tuua_bl\tuua_bl.csproj", "{1D45122A-DD4C-4536-93AD-73ABBD5D5DAD}"
EndProject
Global
	GlobalSection(SolutionConfigurationPlatforms) = preSolution
		Debug|Any CPU = Debug|Any CPU
		Release|Any CPU = Release|Any CPU
	EndGlobalSection
	GlobalSection(ProjectConfigurationPlatforms) = postSolution
		{4838E94F-EB4F-4F3F-B1A7-EE1186D9B4FB}.Debug|Any CPU.ActiveCfg = Debug|Any CPU
		{4838E94F-EB4F-4F3F-B1A7-EE1186D9B4FB}.Debug|Any CPU.Build.0 = Debug|Any CPU
		{4838E94F-EB4F-4F3F-B1A7-EE1186D9B4FB}.Release|Any CPU.ActiveCfg = Release|Any CPU
		{4838E94F-EB4F-4F3F-B1A7-EE1186D9B4FB}.Release|Any CPU.Build.0 = Release|Any CPU
		{1D45122A-DD4C-4536-93AD-73ABBD5D5DAD}.Debug|Any CPU.ActiveCfg = Debug|Any CPU
		{1D45122A-DD4C-4536-93AD-73ABBD5D5DAD}.Debug|Any CPU.Build.0 = Debug|Any CPU
		{1D45122A-DD4C-4536-93AD-73ABBD5D5DAD}.Release|Any CPU.ActiveCfg = Release|Any CPU
		{1D45122A-DD4C-4536-93AD-73ABBD5D5DAD}.Release|Any CPU.Build.0 = Release|Any CPU
	EndGlobalSection
	GlobalSection(SolutionProperties) = preSolution
		HideSolutionNode = FALSE
	EndGlobalSection
	GlobalSection(ExtensibilityGlobals) = postSolution
		SolutionGuid = {BD6A3DC8-23B5-4C4C-A16A-ECE0E07C59FB}
	EndGlobalSection
EndGlobal
