
Microsoft Visual Studio Solution File, Format Version 10.00
# Visual Studio 2008
Project("{FAE04EC0-301F-11D3-BF4B-00C04F79EFBC}") = "LAP.TUUA.ALARMAS", "..\componentes comunes\ALARMAS\LAP.TUUA.ALARMAS.csproj", "{F66FF05F-24E9-48C4-A2FF-75B06205811E}"
EndProject
Project("{FAE04EC0-301F-11D3-BF4B-00C04F79EFBC}") = "LAP.TUUA.CLIENTEWS", "..\componentes comunes\CLIENTEWS\LAP.TUUA.CLIENTEWS.csproj", "{385041FE-FFD1-4114-8929-BF8A3FBE4945}"
EndProject
Project("{FAE04EC0-301F-11D3-BF4B-00C04F79EFBC}") = "LAP.TUUA.CONEXION", "..\componentes comunes\CONEXION\LAP.TUUA.CONEXION.csproj", "{555AE05D-0223-406B-9F7F-EECB0B9DE8DB}"
EndProject
Project("{FAE04EC0-301F-11D3-BF4B-00C04F79EFBC}") = "LAP.TUUA.DAO", "..\componentes comunes\DATAACCESS\LAP.TUUA.DAO.csproj", "{90842E9D-9217-42D5-A693-E0759F06FAEC}"
EndProject
Project("{FAE04EC0-301F-11D3-BF4B-00C04F79EFBC}") = "LAP.TUUA.ENTIDADES", "..\componentes comunes\ENTIDADES\LAP.TUUA.ENTIDADES.csproj", "{113FFE71-C275-4A6A-BD2B-70E76F0AC4A8}"
EndProject
Project("{FAE04EC0-301F-11D3-BF4B-00C04F79EFBC}") = "LAP.TUUA.NATIVO", "..\componentes comunes\NATIVO\LAP.TUUA.NATIVO.csproj", "{4B704D3A-533A-4F74-8922-63A722146552}"
EndProject
Project("{FAE04EC0-301F-11D3-BF4B-00C04F79EFBC}") = "LAP.TUUA.PRINTER", "..\componentes comunes\PRINTERWEB\LAP.TUUA.PRINTER.csproj", "{E3E3B472-089C-43C0-AD27-2E16CF26578E}"
EndProject
Project("{FAE04EC0-301F-11D3-BF4B-00C04F79EFBC}") = "LAP.TUUA.RESOLVER", "..\componentes comunes\RESOLVER\LAP.TUUA.RESOLVER.csproj", "{2B9C33B4-DA4C-4C10-AD5E-966BDC90AFA1}"
EndProject
Project("{FAE04EC0-301F-11D3-BF4B-00C04F79EFBC}") = "LAP.TUUA.UTIL", "..\componentes comunes\UTIL\LAP.TUUA.UTIL.csproj", "{92A7A1C8-96F5-4992-A363-C6FC4C60E85E}"
EndProject
Project("{E24C65DC-7377-472B-9ABA-BC803B73C61A}") = "WSDAO", "..\componentes comunes\WSDAO\", "{10E39B76-5B08-47BA-A162-08061E01F0EC}"
	ProjectSection(WebsiteProperties) = preProject
		TargetFramework = "3.5"
		ProjectReferences = "{90842E9D-9217-42D5-A693-E0759F06FAEC}|DATAACCESS.dll;{113FFE71-C275-4A6A-BD2B-70E76F0AC4A8}|ENTIDADES.dll;{92A7A1C8-96F5-4992-A363-C6FC4C60E85E}|UTIL.dll;"
		Debug.AspNetCompiler.VirtualPath = "/WSDAO"
		Debug.AspNetCompiler.PhysicalPath = "..\componentes comunes\WSDAO\"
		Debug.AspNetCompiler.TargetPath = "PrecompiledWeb\WSDAO\"
		Debug.AspNetCompiler.Updateable = "true"
		Debug.AspNetCompiler.ForceOverwrite = "true"
		Debug.AspNetCompiler.FixedNames = "false"
		Debug.AspNetCompiler.Debug = "True"
		Release.AspNetCompiler.VirtualPath = "/WSDAO"
		Release.AspNetCompiler.PhysicalPath = "..\componentes comunes\WSDAO\"
		Release.AspNetCompiler.TargetPath = "PrecompiledWeb\WSDAO\"
		Release.AspNetCompiler.Updateable = "true"
		Release.AspNetCompiler.ForceOverwrite = "true"
		Release.AspNetCompiler.FixedNames = "false"
		Release.AspNetCompiler.Debug = "False"
		VWDPort = "2414"
	EndProjectSection
EndProject
Project("{FAE04EC0-301F-11D3-BF4B-00C04F79EFBC}") = "LAP.TUUA.CONTROL", "..\componentes comunes\CONTROL\LAP.TUUA.CONTROL.csproj", "{D17B7B60-8773-45A4-B826-93B167DCA49E}"
EndProject
Project("{FAE04EC0-301F-11D3-BF4B-00C04F79EFBC}") = "LAP.TUUA.CONVERSOR", "..\componentes comunes\CONVERSOR\LAP.TUUA.CONVERSOR.csproj", "{7DD1F7EF-9858-44D0-8C5C-9E971805328D}"
EndProject
Project("{E24C65DC-7377-472B-9ABA-BC803B73C61A}") = "Presentacion", "Presentacion\", "{80CC52A1-7222-407D-9851-6989930D64FE}"
	ProjectSection(WebsiteProperties) = preProject
		TargetFramework = "3.5"
		Debug.AspNetCompiler.VirtualPath = "/Presentacion"
		Debug.AspNetCompiler.PhysicalPath = "Presentacion\"
		Debug.AspNetCompiler.TargetPath = "PrecompiledWeb\Presentacion\"
		Debug.AspNetCompiler.Updateable = "true"
		Debug.AspNetCompiler.ForceOverwrite = "true"
		Debug.AspNetCompiler.FixedNames = "false"
		Debug.AspNetCompiler.Debug = "True"
		Release.AspNetCompiler.VirtualPath = "/Presentacion"
		Release.AspNetCompiler.PhysicalPath = "Presentacion\"
		Release.AspNetCompiler.TargetPath = "PrecompiledWeb\Presentacion\"
		Release.AspNetCompiler.Updateable = "true"
		Release.AspNetCompiler.ForceOverwrite = "true"
		Release.AspNetCompiler.FixedNames = "false"
		Release.AspNetCompiler.Debug = "False"
		VWDPort = "2419"
	EndProjectSection
EndProject
Global
	GlobalSection(SolutionConfigurationPlatforms) = preSolution
		Debug|.NET = Debug|.NET
		Debug|Any CPU = Debug|Any CPU
		Debug|Mixed Platforms = Debug|Mixed Platforms
		Release|.NET = Release|.NET
		Release|Any CPU = Release|Any CPU
		Release|Mixed Platforms = Release|Mixed Platforms
	EndGlobalSection
	GlobalSection(ProjectConfigurationPlatforms) = postSolution
		{F66FF05F-24E9-48C4-A2FF-75B06205811E}.Debug|.NET.ActiveCfg = Debug|Any CPU
		{F66FF05F-24E9-48C4-A2FF-75B06205811E}.Debug|Any CPU.ActiveCfg = Debug|Any CPU
		{F66FF05F-24E9-48C4-A2FF-75B06205811E}.Debug|Any CPU.Build.0 = Debug|Any CPU
		{F66FF05F-24E9-48C4-A2FF-75B06205811E}.Debug|Mixed Platforms.ActiveCfg = Debug|Any CPU
		{F66FF05F-24E9-48C4-A2FF-75B06205811E}.Debug|Mixed Platforms.Build.0 = Debug|Any CPU
		{F66FF05F-24E9-48C4-A2FF-75B06205811E}.Release|.NET.ActiveCfg = Release|Any CPU
		{F66FF05F-24E9-48C4-A2FF-75B06205811E}.Release|Any CPU.ActiveCfg = Release|Any CPU
		{F66FF05F-24E9-48C4-A2FF-75B06205811E}.Release|Any CPU.Build.0 = Release|Any CPU
		{F66FF05F-24E9-48C4-A2FF-75B06205811E}.Release|Mixed Platforms.ActiveCfg = Release|Any CPU
		{F66FF05F-24E9-48C4-A2FF-75B06205811E}.Release|Mixed Platforms.Build.0 = Release|Any CPU
		{385041FE-FFD1-4114-8929-BF8A3FBE4945}.Debug|.NET.ActiveCfg = Debug|Any CPU
		{385041FE-FFD1-4114-8929-BF8A3FBE4945}.Debug|Any CPU.ActiveCfg = Debug|Any CPU
		{385041FE-FFD1-4114-8929-BF8A3FBE4945}.Debug|Any CPU.Build.0 = Debug|Any CPU
		{385041FE-FFD1-4114-8929-BF8A3FBE4945}.Debug|Mixed Platforms.ActiveCfg = Debug|Any CPU
		{385041FE-FFD1-4114-8929-BF8A3FBE4945}.Debug|Mixed Platforms.Build.0 = Debug|Any CPU
		{385041FE-FFD1-4114-8929-BF8A3FBE4945}.Release|.NET.ActiveCfg = Release|Any CPU
		{385041FE-FFD1-4114-8929-BF8A3FBE4945}.Release|Any CPU.ActiveCfg = Release|Any CPU
		{385041FE-FFD1-4114-8929-BF8A3FBE4945}.Release|Any CPU.Build.0 = Release|Any CPU
		{385041FE-FFD1-4114-8929-BF8A3FBE4945}.Release|Mixed Platforms.ActiveCfg = Release|Any CPU
		{385041FE-FFD1-4114-8929-BF8A3FBE4945}.Release|Mixed Platforms.Build.0 = Release|Any CPU
		{555AE05D-0223-406B-9F7F-EECB0B9DE8DB}.Debug|.NET.ActiveCfg = Debug|Any CPU
		{555AE05D-0223-406B-9F7F-EECB0B9DE8DB}.Debug|Any CPU.ActiveCfg = Debug|Any CPU
		{555AE05D-0223-406B-9F7F-EECB0B9DE8DB}.Debug|Any CPU.Build.0 = Debug|Any CPU
		{555AE05D-0223-406B-9F7F-EECB0B9DE8DB}.Debug|Mixed Platforms.ActiveCfg = Debug|Any CPU
		{555AE05D-0223-406B-9F7F-EECB0B9DE8DB}.Debug|Mixed Platforms.Build.0 = Debug|Any CPU
		{555AE05D-0223-406B-9F7F-EECB0B9DE8DB}.Release|.NET.ActiveCfg = Release|Any CPU
		{555AE05D-0223-406B-9F7F-EECB0B9DE8DB}.Release|Any CPU.ActiveCfg = Release|Any CPU
		{555AE05D-0223-406B-9F7F-EECB0B9DE8DB}.Release|Any CPU.Build.0 = Release|Any CPU
		{555AE05D-0223-406B-9F7F-EECB0B9DE8DB}.Release|Mixed Platforms.ActiveCfg = Release|Any CPU
		{555AE05D-0223-406B-9F7F-EECB0B9DE8DB}.Release|Mixed Platforms.Build.0 = Release|Any CPU
		{90842E9D-9217-42D5-A693-E0759F06FAEC}.Debug|.NET.ActiveCfg = Debug|Any CPU
		{90842E9D-9217-42D5-A693-E0759F06FAEC}.Debug|Any CPU.ActiveCfg = Debug|Any CPU
		{90842E9D-9217-42D5-A693-E0759F06FAEC}.Debug|Any CPU.Build.0 = Debug|Any CPU
		{90842E9D-9217-42D5-A693-E0759F06FAEC}.Debug|Mixed Platforms.ActiveCfg = Debug|Any CPU
		{90842E9D-9217-42D5-A693-E0759F06FAEC}.Debug|Mixed Platforms.Build.0 = Debug|Any CPU
		{90842E9D-9217-42D5-A693-E0759F06FAEC}.Release|.NET.ActiveCfg = Release|Any CPU
		{90842E9D-9217-42D5-A693-E0759F06FAEC}.Release|Any CPU.ActiveCfg = Release|Any CPU
		{90842E9D-9217-42D5-A693-E0759F06FAEC}.Release|Any CPU.Build.0 = Release|Any CPU
		{90842E9D-9217-42D5-A693-E0759F06FAEC}.Release|Mixed Platforms.ActiveCfg = Release|Any CPU
		{90842E9D-9217-42D5-A693-E0759F06FAEC}.Release|Mixed Platforms.Build.0 = Release|Any CPU
		{113FFE71-C275-4A6A-BD2B-70E76F0AC4A8}.Debug|.NET.ActiveCfg = Debug|Any CPU
		{113FFE71-C275-4A6A-BD2B-70E76F0AC4A8}.Debug|Any CPU.ActiveCfg = Debug|Any CPU
		{113FFE71-C275-4A6A-BD2B-70E76F0AC4A8}.Debug|Any CPU.Build.0 = Debug|Any CPU
		{113FFE71-C275-4A6A-BD2B-70E76F0AC4A8}.Debug|Mixed Platforms.ActiveCfg = Debug|Any CPU
		{113FFE71-C275-4A6A-BD2B-70E76F0AC4A8}.Debug|Mixed Platforms.Build.0 = Debug|Any CPU
		{113FFE71-C275-4A6A-BD2B-70E76F0AC4A8}.Release|.NET.ActiveCfg = Release|Any CPU
		{113FFE71-C275-4A6A-BD2B-70E76F0AC4A8}.Release|Any CPU.ActiveCfg = Release|Any CPU
		{113FFE71-C275-4A6A-BD2B-70E76F0AC4A8}.Release|Any CPU.Build.0 = Release|Any CPU
		{113FFE71-C275-4A6A-BD2B-70E76F0AC4A8}.Release|Mixed Platforms.ActiveCfg = Release|Any CPU
		{113FFE71-C275-4A6A-BD2B-70E76F0AC4A8}.Release|Mixed Platforms.Build.0 = Release|Any CPU
		{4B704D3A-533A-4F74-8922-63A722146552}.Debug|.NET.ActiveCfg = Debug|Any CPU
		{4B704D3A-533A-4F74-8922-63A722146552}.Debug|Any CPU.ActiveCfg = Debug|Any CPU
		{4B704D3A-533A-4F74-8922-63A722146552}.Debug|Any CPU.Build.0 = Debug|Any CPU
		{4B704D3A-533A-4F74-8922-63A722146552}.Debug|Mixed Platforms.ActiveCfg = Debug|Any CPU
		{4B704D3A-533A-4F74-8922-63A722146552}.Debug|Mixed Platforms.Build.0 = Debug|Any CPU
		{4B704D3A-533A-4F74-8922-63A722146552}.Release|.NET.ActiveCfg = Release|Any CPU
		{4B704D3A-533A-4F74-8922-63A722146552}.Release|Any CPU.ActiveCfg = Release|Any CPU
		{4B704D3A-533A-4F74-8922-63A722146552}.Release|Any CPU.Build.0 = Release|Any CPU
		{4B704D3A-533A-4F74-8922-63A722146552}.Release|Mixed Platforms.ActiveCfg = Release|Any CPU
		{4B704D3A-533A-4F74-8922-63A722146552}.Release|Mixed Platforms.Build.0 = Release|Any CPU
		{E3E3B472-089C-43C0-AD27-2E16CF26578E}.Debug|.NET.ActiveCfg = Debug|Any CPU
		{E3E3B472-089C-43C0-AD27-2E16CF26578E}.Debug|Any CPU.ActiveCfg = Debug|Any CPU
		{E3E3B472-089C-43C0-AD27-2E16CF26578E}.Debug|Any CPU.Build.0 = Debug|Any CPU
		{E3E3B472-089C-43C0-AD27-2E16CF26578E}.Debug|Mixed Platforms.ActiveCfg = Debug|Any CPU
		{E3E3B472-089C-43C0-AD27-2E16CF26578E}.Debug|Mixed Platforms.Build.0 = Debug|Any CPU
		{E3E3B472-089C-43C0-AD27-2E16CF26578E}.Release|.NET.ActiveCfg = Release|Any CPU
		{E3E3B472-089C-43C0-AD27-2E16CF26578E}.Release|Any CPU.ActiveCfg = Release|Any CPU
		{E3E3B472-089C-43C0-AD27-2E16CF26578E}.Release|Any CPU.Build.0 = Release|Any CPU
		{E3E3B472-089C-43C0-AD27-2E16CF26578E}.Release|Mixed Platforms.ActiveCfg = Release|Any CPU
		{E3E3B472-089C-43C0-AD27-2E16CF26578E}.Release|Mixed Platforms.Build.0 = Release|Any CPU
		{2B9C33B4-DA4C-4C10-AD5E-966BDC90AFA1}.Debug|.NET.ActiveCfg = Debug|Any CPU
		{2B9C33B4-DA4C-4C10-AD5E-966BDC90AFA1}.Debug|Any CPU.ActiveCfg = Debug|Any CPU
		{2B9C33B4-DA4C-4C10-AD5E-966BDC90AFA1}.Debug|Any CPU.Build.0 = Debug|Any CPU
		{2B9C33B4-DA4C-4C10-AD5E-966BDC90AFA1}.Debug|Mixed Platforms.ActiveCfg = Debug|Any CPU
		{2B9C33B4-DA4C-4C10-AD5E-966BDC90AFA1}.Debug|Mixed Platforms.Build.0 = Debug|Any CPU
		{2B9C33B4-DA4C-4C10-AD5E-966BDC90AFA1}.Release|.NET.ActiveCfg = Release|Any CPU
		{2B9C33B4-DA4C-4C10-AD5E-966BDC90AFA1}.Release|Any CPU.ActiveCfg = Release|Any CPU
		{2B9C33B4-DA4C-4C10-AD5E-966BDC90AFA1}.Release|Any CPU.Build.0 = Release|Any CPU
		{2B9C33B4-DA4C-4C10-AD5E-966BDC90AFA1}.Release|Mixed Platforms.ActiveCfg = Release|Any CPU
		{2B9C33B4-DA4C-4C10-AD5E-966BDC90AFA1}.Release|Mixed Platforms.Build.0 = Release|Any CPU
		{92A7A1C8-96F5-4992-A363-C6FC4C60E85E}.Debug|.NET.ActiveCfg = Debug|Any CPU
		{92A7A1C8-96F5-4992-A363-C6FC4C60E85E}.Debug|Any CPU.ActiveCfg = Debug|Any CPU
		{92A7A1C8-96F5-4992-A363-C6FC4C60E85E}.Debug|Any CPU.Build.0 = Debug|Any CPU
		{92A7A1C8-96F5-4992-A363-C6FC4C60E85E}.Debug|Mixed Platforms.ActiveCfg = Debug|Any CPU
		{92A7A1C8-96F5-4992-A363-C6FC4C60E85E}.Debug|Mixed Platforms.Build.0 = Debug|Any CPU
		{92A7A1C8-96F5-4992-A363-C6FC4C60E85E}.Release|.NET.ActiveCfg = Release|Any CPU
		{92A7A1C8-96F5-4992-A363-C6FC4C60E85E}.Release|Any CPU.ActiveCfg = Release|Any CPU
		{92A7A1C8-96F5-4992-A363-C6FC4C60E85E}.Release|Any CPU.Build.0 = Release|Any CPU
		{92A7A1C8-96F5-4992-A363-C6FC4C60E85E}.Release|Mixed Platforms.ActiveCfg = Release|Any CPU
		{92A7A1C8-96F5-4992-A363-C6FC4C60E85E}.Release|Mixed Platforms.Build.0 = Release|Any CPU
		{10E39B76-5B08-47BA-A162-08061E01F0EC}.Debug|.NET.ActiveCfg = Debug|.NET
		{10E39B76-5B08-47BA-A162-08061E01F0EC}.Debug|.NET.Build.0 = Debug|.NET
		{10E39B76-5B08-47BA-A162-08061E01F0EC}.Debug|Any CPU.ActiveCfg = Debug|.NET
		{10E39B76-5B08-47BA-A162-08061E01F0EC}.Debug|Mixed Platforms.ActiveCfg = Debug|.NET
		{10E39B76-5B08-47BA-A162-08061E01F0EC}.Debug|Mixed Platforms.Build.0 = Debug|.NET
		{10E39B76-5B08-47BA-A162-08061E01F0EC}.Release|.NET.ActiveCfg = Debug|.NET
		{10E39B76-5B08-47BA-A162-08061E01F0EC}.Release|.NET.Build.0 = Debug|.NET
		{10E39B76-5B08-47BA-A162-08061E01F0EC}.Release|Any CPU.ActiveCfg = Debug|.NET
		{10E39B76-5B08-47BA-A162-08061E01F0EC}.Release|Mixed Platforms.ActiveCfg = Debug|.NET
		{10E39B76-5B08-47BA-A162-08061E01F0EC}.Release|Mixed Platforms.Build.0 = Debug|.NET
		{D17B7B60-8773-45A4-B826-93B167DCA49E}.Debug|.NET.ActiveCfg = Debug|Any CPU
		{D17B7B60-8773-45A4-B826-93B167DCA49E}.Debug|Any CPU.ActiveCfg = Debug|Any CPU
		{D17B7B60-8773-45A4-B826-93B167DCA49E}.Debug|Any CPU.Build.0 = Debug|Any CPU
		{D17B7B60-8773-45A4-B826-93B167DCA49E}.Debug|Mixed Platforms.ActiveCfg = Debug|Any CPU
		{D17B7B60-8773-45A4-B826-93B167DCA49E}.Debug|Mixed Platforms.Build.0 = Debug|Any CPU
		{D17B7B60-8773-45A4-B826-93B167DCA49E}.Release|.NET.ActiveCfg = Release|Any CPU
		{D17B7B60-8773-45A4-B826-93B167DCA49E}.Release|Any CPU.ActiveCfg = Release|Any CPU
		{D17B7B60-8773-45A4-B826-93B167DCA49E}.Release|Any CPU.Build.0 = Release|Any CPU
		{D17B7B60-8773-45A4-B826-93B167DCA49E}.Release|Mixed Platforms.ActiveCfg = Release|Any CPU
		{D17B7B60-8773-45A4-B826-93B167DCA49E}.Release|Mixed Platforms.Build.0 = Release|Any CPU
		{7DD1F7EF-9858-44D0-8C5C-9E971805328D}.Debug|.NET.ActiveCfg = Debug|Any CPU
		{7DD1F7EF-9858-44D0-8C5C-9E971805328D}.Debug|Any CPU.ActiveCfg = Debug|Any CPU
		{7DD1F7EF-9858-44D0-8C5C-9E971805328D}.Debug|Any CPU.Build.0 = Debug|Any CPU
		{7DD1F7EF-9858-44D0-8C5C-9E971805328D}.Debug|Mixed Platforms.ActiveCfg = Debug|Any CPU
		{7DD1F7EF-9858-44D0-8C5C-9E971805328D}.Debug|Mixed Platforms.Build.0 = Debug|Any CPU
		{7DD1F7EF-9858-44D0-8C5C-9E971805328D}.Release|.NET.ActiveCfg = Release|Any CPU
		{7DD1F7EF-9858-44D0-8C5C-9E971805328D}.Release|Any CPU.ActiveCfg = Release|Any CPU
		{7DD1F7EF-9858-44D0-8C5C-9E971805328D}.Release|Any CPU.Build.0 = Release|Any CPU
		{7DD1F7EF-9858-44D0-8C5C-9E971805328D}.Release|Mixed Platforms.ActiveCfg = Release|Any CPU
		{7DD1F7EF-9858-44D0-8C5C-9E971805328D}.Release|Mixed Platforms.Build.0 = Release|Any CPU
		{80CC52A1-7222-407D-9851-6989930D64FE}.Debug|.NET.ActiveCfg = Debug|.NET
		{80CC52A1-7222-407D-9851-6989930D64FE}.Debug|.NET.Build.0 = Debug|.NET
		{80CC52A1-7222-407D-9851-6989930D64FE}.Debug|Any CPU.ActiveCfg = Debug|.NET
		{80CC52A1-7222-407D-9851-6989930D64FE}.Debug|Mixed Platforms.ActiveCfg = Debug|.NET
		{80CC52A1-7222-407D-9851-6989930D64FE}.Debug|Mixed Platforms.Build.0 = Debug|.NET
		{80CC52A1-7222-407D-9851-6989930D64FE}.Release|.NET.ActiveCfg = Debug|.NET
		{80CC52A1-7222-407D-9851-6989930D64FE}.Release|.NET.Build.0 = Debug|.NET
		{80CC52A1-7222-407D-9851-6989930D64FE}.Release|Any CPU.ActiveCfg = Debug|.NET
		{80CC52A1-7222-407D-9851-6989930D64FE}.Release|Mixed Platforms.ActiveCfg = Debug|.NET
		{80CC52A1-7222-407D-9851-6989930D64FE}.Release|Mixed Platforms.Build.0 = Debug|.NET
	EndGlobalSection
	GlobalSection(SolutionProperties) = preSolution
		HideSolutionNode = FALSE
	EndGlobalSection
EndGlobal
