
Microsoft Visual Studio Solution File, Format Version 12.00
# Visual Studio Version 17
VisualStudioVersion = 17.2.32630.192
MinimumVisualStudioVersion = 10.0.40219.1
Project("{FAE04EC0-301F-11D3-BF4B-00C04F79EFBC}") = "LAP.Tuua.Web", "LAP.Tuua.Web\LAP.Tuua.Web.csproj", "{B11A7A8E-6DEF-4529-A374-793E5B521610}"
EndProject
Global
	GlobalSection(SolutionConfigurationPlatforms) = preSolution
		Debug|Any CPU = Debug|Any CPU
		Release|Any CPU = Release|Any CPU
	EndGlobalSection
	GlobalSection(ProjectConfigurationPlatforms) = postSolution
		{B11A7A8E-6DEF-4529-A374-793E5B521610}.Debug|Any CPU.ActiveCfg = Debug|Any CPU
		{B11A7A8E-6DEF-4529-A374-793E5B521610}.Debug|Any CPU.Build.0 = Debug|Any CPU
		{B11A7A8E-6DEF-4529-A374-793E5B521610}.Release|Any CPU.ActiveCfg = Release|Any CPU
		{B11A7A8E-6DEF-4529-A374-793E5B521610}.Release|Any CPU.Build.0 = Release|Any CPU
	EndGlobalSection
	GlobalSection(SolutionProperties) = preSolution
		HideSolutionNode = FALSE
	EndGlobalSection
	GlobalSection(ExtensibilityGlobals) = postSolution
		SolutionGuid = {FF77A2DF-94DA-4D2A-B2CA-4BF282DEEF50}
	EndGlobalSection
EndGlobal
