
Microsoft Visual Studio Solution File, Format Version 12.00
# Visual Studio Version 16
VisualStudioVersion = 16.0.30804.86
MinimumVisualStudioVersion = 10.0.40219.1
Project("{FAE04EC0-301F-11D3-BF4B-00C04F79EFBC}") = "WS_TUUA_INTERBANK", "WS_TUUA_INTERBANK\WS_TUUA_INTERBANK.csproj", "{A5BDB3BD-491B-47AA-9E24-F9F176A31CA2}"
EndProject
Global
	GlobalSection(SolutionConfigurationPlatforms) = preSolution
		Debug|Any CPU = Debug|Any CPU
		Release|Any CPU = Release|Any CPU
	EndGlobalSection
	GlobalSection(ProjectConfigurationPlatforms) = postSolution
		{A5BDB3BD-491B-47AA-9E24-F9F176A31CA2}.Debug|Any CPU.ActiveCfg = Debug|Any CPU
		{A5BDB3BD-491B-47AA-9E24-F9F176A31CA2}.Debug|Any CPU.Build.0 = Debug|Any CPU
		{A5BDB3BD-491B-47AA-9E24-F9F176A31CA2}.Release|Any CPU.ActiveCfg = Release|Any CPU
		{A5BDB3BD-491B-47AA-9E24-F9F176A31CA2}.Release|Any CPU.Build.0 = Release|Any CPU
	EndGlobalSection
	GlobalSection(SolutionProperties) = preSolution
		HideSolutionNode = FALSE
	EndGlobalSection
	GlobalSection(ExtensibilityGlobals) = postSolution
		SolutionGuid = {A34B7DFF-4DBC-4C92-946C-3093470633A8}
	EndGlobalSection
EndGlobal
